
Microsoft Visual Studio Solution File, Format Version 12.00
# Visual Studio Version 16
VisualStudioVersion = 16.0.30114.105
MinimumVisualStudioVersion = 10.0.40219.1
Project("{FAE04EC0-301F-11D3-BF4B-00C04F79EFBC}") = "RH", "RH.csproj", "{E801D21E-5017-4569-BB5A-C8C67513522E}"
EndProject
Global
	GlobalSection(SolutionConfigurationPlatforms) = preSolution
		Debug|Any CPU = Debug|Any CPU
		Release|Any CPU = Release|Any CPU
	EndGlobalSection
	GlobalSection(SolutionProperties) = preSolution
		HideSolutionNode = FALSE
	EndGlobalSection
	GlobalSection(ProjectConfigurationPlatforms) = postSolution
		{E801D21E-5017-4569-BB5A-C8C67513522E}.Debug|Any CPU.ActiveCfg = Debug|Any CPU
		{E801D21E-5017-4569-BB5A-C8C67513522E}.Debug|Any CPU.Build.0 = Debug|Any CPU
		{E801D21E-5017-4569-BB5A-C8C67513522E}.Release|Any CPU.ActiveCfg = Release|Any CPU
		{E801D21E-5017-4569-BB5A-C8C67513522E}.Release|Any CPU.Build.0 = Release|Any CPU
	EndGlobalSection
EndGlobal
